
Microsoft Visual Studio Solution File, Format Version 12.00
# Visual Studio Version 16
VisualStudioVersion = 16.0.29215.179
MinimumVisualStudioVersion = 10.0.40219.1
Project("{FAE04EC0-301F-11D3-BF4B-00C04F79EFBC}") = "AugmentedRealityHW2Part1", "AugmentedRealityHW2\AugmentedRealityHW2Part1.csproj", "{5A0CFD3F-B987-4F27-9FAD-DE35B8FE9699}"
EndProject
Global
	GlobalSection(SolutionConfigurationPlatforms) = preSolution
		Debug|Any CPU = Debug|Any CPU
		Release|Any CPU = Release|Any CPU
	EndGlobalSection
	GlobalSection(ProjectConfigurationPlatforms) = postSolution
		{5A0CFD3F-B987-4F27-9FAD-DE35B8FE9699}.Debug|Any CPU.ActiveCfg = Debug|Any CPU
		{5A0CFD3F-B987-4F27-9FAD-DE35B8FE9699}.Debug|Any CPU.Build.0 = Debug|Any CPU
		{5A0CFD3F-B987-4F27-9FAD-DE35B8FE9699}.Release|Any CPU.ActiveCfg = Release|Any CPU
		{5A0CFD3F-B987-4F27-9FAD-DE35B8FE9699}.Release|Any CPU.Build.0 = Release|Any CPU
	EndGlobalSection
	GlobalSection(SolutionProperties) = preSolution
		HideSolutionNode = FALSE
	EndGlobalSection
	GlobalSection(ExtensibilityGlobals) = postSolution
		SolutionGuid = {AE60238F-8709-4735-8EC2-1F1AFACAE256}
	EndGlobalSection
EndGlobal
